
Microsoft Visual Studio Solution File, Format Version 12.00
# Visual Studio Version 16
VisualStudioVersion = 16.0.31105.61
MinimumVisualStudioVersion = 10.0.40219.1
Project("{FAE04EC0-301F-11D3-BF4B-00C04F79EFBC}") = "Pac-man", "Pac-man\Pac-man.csproj", "{419E4942-AC4D-47B3-B31D-F9FB510D6C73}"
EndProject
Global
	GlobalSection(SolutionConfigurationPlatforms) = preSolution
		Debug|Any CPU = Debug|Any CPU
		Release|Any CPU = Release|Any CPU
	EndGlobalSection
	GlobalSection(ProjectConfigurationPlatforms) = postSolution
		{419E4942-AC4D-47B3-B31D-F9FB510D6C73}.Debug|Any CPU.ActiveCfg = Debug|Any CPU
		{419E4942-AC4D-47B3-B31D-F9FB510D6C73}.Debug|Any CPU.Build.0 = Debug|Any CPU
		{419E4942-AC4D-47B3-B31D-F9FB510D6C73}.Release|Any CPU.ActiveCfg = Release|Any CPU
		{419E4942-AC4D-47B3-B31D-F9FB510D6C73}.Release|Any CPU.Build.0 = Release|Any CPU
	EndGlobalSection
	GlobalSection(SolutionProperties) = preSolution
		HideSolutionNode = FALSE
	EndGlobalSection
	GlobalSection(ExtensibilityGlobals) = postSolution
		SolutionGuid = {80A79C0A-BDA6-4A7E-9593-514DFEC65848}
	EndGlobalSection
EndGlobal
